
Microsoft Visual Studio Solution File, Format Version 12.00
# Visual Studio 15
VisualStudioVersion = 15.0.28307.168
MinimumVisualStudioVersion = 10.0.40219.1
Project("{FAE04EC0-301F-11D3-BF4B-00C04F79EFBC}") = "FootballAPI", "FootballAPI\FootballAPI.csproj", "{0156BB10-124B-4632-88AC-C6C4C55CDE58}"
EndProject
Global
	GlobalSection(SolutionConfigurationPlatforms) = preSolution
		Debug|Any CPU = Debug|Any CPU
		Release|Any CPU = Release|Any CPU
	EndGlobalSection
	GlobalSection(ProjectConfigurationPlatforms) = postSolution
		{0156BB10-124B-4632-88AC-C6C4C55CDE58}.Debug|Any CPU.ActiveCfg = Debug|Any CPU
		{0156BB10-124B-4632-88AC-C6C4C55CDE58}.Debug|Any CPU.Build.0 = Debug|Any CPU
		{0156BB10-124B-4632-88AC-C6C4C55CDE58}.Release|Any CPU.ActiveCfg = Release|Any CPU
		{0156BB10-124B-4632-88AC-C6C4C55CDE58}.Release|Any CPU.Build.0 = Release|Any CPU
	EndGlobalSection
	GlobalSection(SolutionProperties) = preSolution
		HideSolutionNode = FALSE
	EndGlobalSection
	GlobalSection(ExtensibilityGlobals) = postSolution
		SolutionGuid = {1179A19E-995F-44F5-B250-32514C3D7C14}
	EndGlobalSection
EndGlobal
